// !$*UTF8*$!
{
	archiveVersion = 1;
	classes = {
	};
	objectVersion = 50;
	objects = {

/* Begin PBXBuildFile section */
		771F92B120FC866300421776 /* AppDelegate.swift in Sources */ = {isa = PBXBuildFile; fileRef = 771F92B020FC866300421776 /* AppDelegate.swift */; };
		771F92B620FC866300421776 /* Main.storyboard in Resources */ = {isa = PBXBuildFile; fileRef = 771F92B420FC866300421776 /* Main.storyboard */; };
		771F92B820FC866400421776 /* Assets.xcassets in Resources */ = {isa = PBXBuildFile; fileRef = 771F92B720FC866400421776 /* Assets.xcassets */; };
		771F92BB20FC866400421776 /* LaunchScreen.storyboard in Resources */ = {isa = PBXBuildFile; fileRef = 771F92B920FC866400421776 /* LaunchScreen.storyboard */; };
		771F92C320FC86D100421776 /* CalenderPage.swift in Sources */ = {isa = PBXBuildFile; fileRef = 771F92C220FC86D100421776 /* CalenderPage.swift */; };
		771F92CA20FC86E400421776 /* BSIslamicCalendarCell.xib in Resources */ = {isa = PBXBuildFile; fileRef = 771F92C620FC86E400421776 /* BSIslamicCalendarCell.xib */; };
		771F92CB20FC86E400421776 /* BSIslamicCalendarCell.m in Sources */ = {isa = PBXBuildFile; fileRef = 771F92C820FC86E400421776 /* BSIslamicCalendarCell.m */; };
		771F92CC20FC86E400421776 /* BSIslamicCalendar.m in Sources */ = {isa = PBXBuildFile; fileRef = 771F92C920FC86E400421776 /* BSIslamicCalendar.m */; };
		771F92CF20FC872F00421776 /* JTSegmentPattern.swift in Sources */ = {isa = PBXBuildFile; fileRef = 771F92CD20FC872E00421776 /* JTSegmentPattern.swift */; };
		771F92D020FC872F00421776 /* JTSegmentControl.swift in Sources */ = {isa = PBXBuildFile; fileRef = 771F92CE20FC872E00421776 /* JTSegmentControl.swift */; };
		771F92D220FC89AF00421776 /* ViewExtension.swift in Sources */ = {isa = PBXBuildFile; fileRef = 771F92D120FC89AF00421776 /* ViewExtension.swift */; };
/* End PBXBuildFile section */

/* Begin PBXFileReference section */
		771F92AD20FC866300421776 /* Hijri-Gregorian Calendar.app */ = {isa = PBXFileReference; explicitFileType = wrapper.application; includeInIndex = 0; path = "Hijri-Gregorian Calendar.app"; sourceTree = BUILT_PRODUCTS_DIR; };
		771F92B020FC866300421776 /* AppDelegate.swift */ = {isa = PBXFileReference; lastKnownFileType = sourcecode.swift; path = AppDelegate.swift; sourceTree = "<group>"; };
		771F92B520FC866300421776 /* Base */ = {isa = PBXFileReference; lastKnownFileType = file.storyboard; name = Base; path = Base.lproj/Main.storyboard; sourceTree = "<group>"; };
		771F92B720FC866400421776 /* Assets.xcassets */ = {isa = PBXFileReference; lastKnownFileType = folder.assetcatalog; path = Assets.xcassets; sourceTree = "<group>"; };
		771F92BA20FC866400421776 /* Base */ = {isa = PBXFileReference; lastKnownFileType = file.storyboard; name = Base; path = Base.lproj/LaunchScreen.storyboard; sourceTree = "<group>"; };
		771F92BC20FC866400421776 /* Info.plist */ = {isa = PBXFileReference; lastKnownFileType = text.plist.xml; path = Info.plist; sourceTree = "<group>"; };
		771F92C220FC86D100421776 /* CalenderPage.swift */ = {isa = PBXFileReference; fileEncoding = 4; lastKnownFileType = sourcecode.swift; path = CalenderPage.swift; sourceTree = "<group>"; };
		771F92C420FC86E300421776 /* Hijri-Gregorian Calendar-Bridging-Header.h */ = {isa = PBXFileReference; lastKnownFileType = sourcecode.c.h; path = "Hijri-Gregorian Calendar-Bridging-Header.h"; sourceTree = "<group>"; };
		771F92C520FC86E400421776 /* BSIslamicCalendar.h */ = {isa = PBXFileReference; fileEncoding = 4; lastKnownFileType = sourcecode.c.h; path = BSIslamicCalendar.h; sourceTree = "<group>"; };
		771F92C620FC86E400421776 /* BSIslamicCalendarCell.xib */ = {isa = PBXFileReference; fileEncoding = 4; lastKnownFileType = file.xib; path = BSIslamicCalendarCell.xib; sourceTree = "<group>"; };
		771F92C720FC86E400421776 /* BSIslamicCalendarCell.h */ = {isa = PBXFileReference; fileEncoding = 4; lastKnownFileType = sourcecode.c.h; path = BSIslamicCalendarCell.h; sourceTree = "<group>"; };
		771F92C820FC86E400421776 /* BSIslamicCalendarCell.m */ = {isa = PBXFileReference; fileEncoding = 4; lastKnownFileType = sourcecode.c.objc; path = BSIslamicCalendarCell.m; sourceTree = "<group>"; };
		771F92C920FC86E400421776 /* BSIslamicCalendar.m */ = {isa = PBXFileReference; fileEncoding = 4; lastKnownFileType = sourcecode.c.objc; path = BSIslamicCalendar.m; sourceTree = "<group>"; };
		771F92CD20FC872E00421776 /* JTSegmentPattern.swift */ = {isa = PBXFileReference; fileEncoding = 4; lastKnownFileType = sourcecode.swift; path = JTSegmentPattern.swift; sourceTree = "<group>"; };
		771F92CE20FC872E00421776 /* JTSegmentControl.swift */ = {isa = PBXFileReference; fileEncoding = 4; lastKnownFileType = sourcecode.swift; path = JTSegmentControl.swift; sourceTree = "<group>"; };
		771F92D120FC89AF00421776 /* ViewExtension.swift */ = {isa = PBXFileReference; fileEncoding = 4; lastKnownFileType = sourcecode.swift; path = ViewExtension.swift; sourceTree = "<group>"; };
/* End PBXFileReference section */

/* Begin PBXFrameworksBuildPhase section */
		771F92AA20FC866300421776 /* Frameworks */ = {
			isa = PBXFrameworksBuildPhase;
			buildActionMask = 2147483647;
			files = (
			);
			runOnlyForDeploymentPostprocessing = 0;
		};
/* End PBXFrameworksBuildPhase section */

/* Begin PBXGroup section */
		771F92A420FC866300421776 = {
			isa = PBXGroup;
			children = (
				771F92CE20FC872E00421776 /* JTSegmentControl.swift */,
				771F92CD20FC872E00421776 /* JTSegmentPattern.swift */,
				771F92C520FC86E400421776 /* BSIslamicCalendar.h */,
				771F92C920FC86E400421776 /* BSIslamicCalendar.m */,
				771F92C720FC86E400421776 /* BSIslamicCalendarCell.h */,
				771F92C820FC86E400421776 /* BSIslamicCalendarCell.m */,
				771F92C620FC86E400421776 /* BSIslamicCalendarCell.xib */,
				771F92AF20FC866300421776 /* Hijri-Gregorian Calendar */,
				771F92AE20FC866300421776 /* Products */,
				771F92C420FC86E300421776 /* Hijri-Gregorian Calendar-Bridging-Header.h */,
			);
			sourceTree = "<group>";
		};
		771F92AE20FC866300421776 /* Products */ = {
			isa = PBXGroup;
			children = (
				771F92AD20FC866300421776 /* Hijri-Gregorian Calendar.app */,
			);
			name = Products;
			sourceTree = "<group>";
		};
		771F92AF20FC866300421776 /* Hijri-Gregorian Calendar */ = {
			isa = PBXGroup;
			children = (
				771F92D120FC89AF00421776 /* ViewExtension.swift */,
				771F92B020FC866300421776 /* AppDelegate.swift */,
				771F92C220FC86D100421776 /* CalenderPage.swift */,
				771F92B420FC866300421776 /* Main.storyboard */,
				771F92B720FC866400421776 /* Assets.xcassets */,
				771F92B920FC866400421776 /* LaunchScreen.storyboard */,
				771F92BC20FC866400421776 /* Info.plist */,
			);
			path = "Hijri-Gregorian Calendar";
			sourceTree = "<group>";
		};
/* End PBXGroup section */

/* Begin PBXNativeTarget section */
		771F92AC20FC866300421776 /* Hijri-Gregorian Calendar */ = {
			isa = PBXNativeTarget;
			buildConfigurationList = 771F92BF20FC866400421776 /* Build configuration list for PBXNativeTarget "Hijri-Gregorian Calendar" */;
			buildPhases = (
				771F92A920FC866300421776 /* Sources */,
				771F92AA20FC866300421776 /* Frameworks */,
				771F92AB20FC866300421776 /* Resources */,
			);
			buildRules = (
			);
			dependencies = (
			);
			name = "Hijri-Gregorian Calendar";
			productName = "Hijri-Gregorian Calendar";
			productReference = 771F92AD20FC866300421776 /* Hijri-Gregorian Calendar.app */;
			productType = "com.apple.product-type.application";
		};
/* End PBXNativeTarget section */

/* Begin PBXProject section */
		771F92A520FC866300421776 /* Project object */ = {
			isa = PBXProject;
			attributes = {
				LastSwiftUpdateCheck = 0930;
				LastUpgradeCheck = 0930;
				ORGANIZATIONNAME = Karthick;
				TargetAttributes = {
					771F92AC20FC866300421776 = {
						CreatedOnToolsVersion = 9.3;
						LastSwiftMigration = 0930;
					};
				};
			};
			buildConfigurationList = 771F92A820FC866300421776 /* Build configuration list for PBXProject "Hijri-Gregorian Calendar" */;
			compatibilityVersion = "Xcode 9.3";
			developmentRegion = en;
			hasScannedForEncodings = 0;
			knownRegions = (
				en,
				Base,
			);
			mainGroup = 771F92A420FC866300421776;
			productRefGroup = 771F92AE20FC866300421776 /* Products */;
			projectDirPath = "";
			projectRoot = "";
			targets = (
				771F92AC20FC866300421776 /* Hijri-Gregorian Calendar */,
			);
		};
/* End PBXProject section */

/* Begin PBXResourcesBuildPhase section */
		771F92AB20FC866300421776 /* Resources */ = {
			isa = PBXResourcesBuildPhase;
			buildActionMask = 2147483647;
			files = (
				771F92BB20FC866400421776 /* LaunchScreen.storyboard in Resources */,
				771F92B820FC866400421776 /* Assets.xcassets in Resources */,
				771F92B620FC866300421776 /* Main.storyboard in Resources */,
				771F92CA20FC86E400421776 /* BSIslamicCalendarCell.xib in Resources */,
			);
			runOnlyForDeploymentPostprocessing = 0;
		};
/* End PBXResourcesBuildPhase section */

/* Begin PBXSourcesBuildPhase section */
		771F92A920FC866300421776 /* Sources */ = {
			isa = PBXSourcesBuildPhase;
			buildActionMask = 2147483647;
			files = (
				771F92CF20FC872F00421776 /* JTSegmentPattern.swift in Sources */,
				771F92D020FC872F00421776 /* JTSegmentControl.swift in Sources */,
				771F92C320FC86D100421776 /* CalenderPage.swift in Sources */,
				771F92D220FC89AF00421776 /* ViewExtension.swift in Sources */,
				771F92CB20FC86E400421776 /* BSIslamicCalendarCell.m in Sources */,
				771F92B120FC866300421776 /* AppDelegate.swift in Sources */,
				771F92CC20FC86E400421776 /* BSIslamicCalendar.m in Sources */,
			);
			runOnlyForDeploymentPostprocessing = 0;
		};
/* End PBXSourcesBuildPhase section */

/* Begin PBXVariantGroup section */
		771F92B420FC866300421776 /* Main.storyboard */ = {
			isa = PBXVariantGroup;
			children = (
				771F92B520FC866300421776 /* Base */,
			);
			name = Main.storyboard;
			sourceTree = "<group>";
		};
		771F92B920FC866400421776 /* LaunchScreen.storyboard */ = {
			isa = PBXVariantGroup;
			children = (
				771F92BA20FC866400421776 /* Base */,
			);
			name = LaunchScreen.storyboard;
			sourceTree = "<group>";
		};
/* End PBXVariantGroup section */

/* Begin XCBuildConfiguration section */
		771F92BD20FC866400421776 /* Debug */ = {
			isa = XCBuildConfiguration;
			buildSettings = {
				ALWAYS_SEARCH_USER_PATHS = NO;
				CLANG_ANALYZER_NONNULL = YES;
				CLANG_ANALYZER_NUMBER_OBJECT_CONVERSION = YES_AGGRESSIVE;
				CLANG_CXX_LANGUAGE_STANDARD = "gnu++14";
				CLANG_CXX_LIBRARY = "libc++";
				CLANG_ENABLE_MODULES = YES;
				CLANG_ENABLE_OBJC_ARC = YES;
				CLANG_ENABLE_OBJC_WEAK = YES;
				CLANG_WARN_BLOCK_CAPTURE_AUTORELEASING = YES;
				CLANG_WARN_BOOL_CONVERSION = YES;
				CLANG_WARN_COMMA = YES;
				CLANG_WARN_CONSTANT_CONVERSION = YES;
				CLANG_WARN_DEPRECATED_OBJC_IMPLEMENTATIONS = YES;
				CLANG_WARN_DIRECT_OBJC_ISA_USAGE = YES_ERROR;
				CLANG_WARN_DOCUMENTATION_COMMENTS = YES;
				CLANG_WARN_EMPTY_BODY = YES;
				CLANG_WARN_ENUM_CONVERSION = YES;
				CLANG_WARN_INFINITE_RECURSION = YES;
				CLANG_WARN_INT_CONVERSION = YES;
				CLANG_WARN_NON_LITERAL_NULL_CONVERSION = YES;
				CLANG_WARN_OBJC_IMPLICIT_RETAIN_SELF = YES;
				CLANG_WARN_OBJC_LITERAL_CONVERSION = YES;
				CLANG_WARN_OBJC_ROOT_CLASS = YES_ERROR;
				CLANG_WARN_RANGE_LOOP_ANALYSIS = YES;
				CLANG_WARN_STRICT_PROTOTYPES = YES;
				CLANG_WARN_SUSPICIOUS_MOVE = YES;
				CLANG_WARN_UNGUARDED_AVAILABILITY = YES_AGGRESSIVE;
				CLANG_WARN_UNREACHABLE_CODE = YES;
				CLANG_WARN__DUPLICATE_METHOD_MATCH = YES;
				CODE_SIGN_IDENTITY = "iPhone Developer";
				COPY_PHASE_STRIP = NO;
				DEBUG_INFORMATION_FORMAT = dwarf;
				ENABLE_STRICT_OBJC_MSGSEND = YES;
				ENABLE_TESTABILITY = YES;
				GCC_C_LANGUAGE_STANDARD = gnu11;
				GCC_DYNAMIC_NO_PIC = NO;
				GCC_NO_COMMON_BLOCKS = YES;
				GCC_OPTIMIZATION_LEVEL = 0;
				GCC_PREPROCESSOR_DEFINITIONS = (
					"DEBUG=1",
					"$(inherited)",
				);
				GCC_WARN_64_TO_32_BIT_CONVERSION = YES;
				GCC_WARN_ABOUT_RETURN_TYPE = YES_ERROR;
				GCC_WARN_UNDECLARED_SELECTOR = YES;
				GCC_WARN_UNINITIALIZED_AUTOS = YES_AGGRESSIVE;
				GCC_WARN_UNUSED_FUNCTION = YES;
				GCC_WARN_UNUSED_VARIABLE = YES;
				IPHONEOS_DEPLOYMENT_TARGET = 11.3;
				MTL_ENABLE_DEBUG_INFO = YES;
				ONLY_ACTIVE_ARCH = YES;
				SDKROOT = iphoneos;
				SWIFT_ACTIVE_COMPILATION_CONDITIONS = DEBUG;
				SWIFT_OPTIMIZATION_LEVEL = "-Onone";
			};
			name = Debug;
		};
		771F92BE20FC866400421776 /* Release */ = {
			isa = XCBuildConfiguration;
			buildSettings = {
				ALWAYS_SEARCH_USER_PATHS = NO;
				CLANG_ANALYZER_NONNULL = YES;
				CLANG_ANALYZER_NUMBER_OBJECT_CONVERSION = YES_AGGRESSIVE;
				CLANG_CXX_LANGUAGE_STANDARD = "gnu++14";
				CLANG_CXX_LIBRARY = "libc++";
				CLANG_ENABLE_MODULES = YES;
				CLANG_ENABLE_OBJC_ARC = YES;
				CLANG_ENABLE_OBJC_WEAK = YES;
				CLANG_WARN_BLOCK_CAPTURE_AUTORELEASING = YES;
				CLANG_WARN_BOOL_CONVERSION = YES;
				CLANG_WARN_COMMA = YES;
				CLANG_WARN_CONSTANT_CONVERSION = YES;
				CLANG_WARN_DEPRECATED_OBJC_IMPLEMENTATIONS = YES;
				CLANG_WARN_DIRECT_OBJC_ISA_USAGE = YES_ERROR;
				CLANG_WARN_DOCUMENTATION_COMMENTS = YES;
				CLANG_WARN_EMPTY_BODY = YES;
				CLANG_WARN_ENUM_CONVERSION = YES;
				CLANG_WARN_INFINITE_RECURSION = YES;
				CLANG_WARN_INT_CONVERSION = YES;
				CLANG_WARN_NON_LITERAL_NULL_CONVERSION = YES;
				CLANG_WARN_OBJC_IMPLICIT_RETAIN_SELF = YES;
				CLANG_WARN_OBJC_LITERAL_CONVERSION = YES;
				CLANG_WARN_OBJC_ROOT_CLASS = YES_ERROR;
				CLANG_WARN_RANGE_LOOP_ANALYSIS = YES;
				CLANG_WARN_STRICT_PROTOTYPES = YES;
				CLANG_WARN_SUSPICIOUS_MOVE = YES;
				CLANG_WARN_UNGUARDED_AVAILABILITY = YES_AGGRESSIVE;
				CLANG_WARN_UNREACHABLE_CODE = YES;
				CLANG_WARN__DUPLICATE_METHOD_MATCH = YES;
				CODE_SIGN_IDENTITY = "iPhone Developer";
				COPY_PHASE_STRIP = NO;
				DEBUG_INFORMATION_FORMAT = "dwarf-with-dsym";
				ENABLE_NS_ASSERTIONS = NO;
				ENABLE_STRICT_OBJC_MSGSEND = YES;
				GCC_C_LANGUAGE_STANDARD = gnu11;
				GCC_NO_COMMON_BLOCKS = YES;
				GCC_WARN_64_TO_32_BIT_CONVERSION = YES;
				GCC_WARN_ABOUT_RETURN_TYPE = YES_ERROR;
				GCC_WARN_UNDECLARED_SELECTOR = YES;
				GCC_WARN_UNINITIALIZED_AUTOS = YES_AGGRESSIVE;
				GCC_WARN_UNUSED_FUNCTION = YES;
				GCC_WARN_UNUSED_VARIABLE = YES;
				IPHONEOS_DEPLOYMENT_TARGET = 11.3;
				MTL_ENABLE_DEBUG_INFO = NO;
				SDKROOT = iphoneos;
				SWIFT_COMPILATION_MODE = wholemodule;
				SWIFT_OPTIMIZATION_LEVEL = "-O";
				VALIDATE_PRODUCT = YES;
			};
			name = Release;
		};
		771F92C020FC866400421776 /* Debug */ = {
			isa = XCBuildConfiguration;
			buildSettings = {
				ASSETCATALOG_COMPILER_APPICON_NAME = AppIcon;
				CLANG_ENABLE_MODULES = YES;
				CODE_SIGN_STYLE = Automatic;
				INFOPLIST_FILE = "Hijri-Gregorian Calendar/Info.plist";
				LD_RUNPATH_SEARCH_PATHS = (
					"$(inherited)",
					"@executable_path/Frameworks",
				);
				PRODUCT_BUNDLE_IDENTIFIER = "com.tech.Hijri-Gregorian-Calendar";
				PRODUCT_NAME = "$(TARGET_NAME)";
				SWIFT_OBJC_BRIDGING_HEADER = "Hijri-Gregorian Calendar-Bridging-Header.h";
				SWIFT_OPTIMIZATION_LEVEL = "-Onone";
				SWIFT_VERSION = 4.0;
				TARGETED_DEVICE_FAMILY = "1,2";
			};
			name = Debug;
		};
		771F92C120FC866400421776 /* Release */ = {
			isa = XCBuildConfiguration;
			buildSettings = {
				ASSETCATALOG_COMPILER_APPICON_NAME = AppIcon;
				CLANG_ENABLE_MODULES = YES;
				CODE_SIGN_STYLE = Automatic;
				INFOPLIST_FILE = "Hijri-Gregorian Calendar/Info.plist";
				LD_RUNPATH_SEARCH_PATHS = (
					"$(inherited)",
					"@executable_path/Frameworks",
				);
				PRODUCT_BUNDLE_IDENTIFIER = "com.tech.Hijri-Gregorian-Calendar";
				PRODUCT_NAME = "$(TARGET_NAME)";
				SWIFT_OBJC_BRIDGING_HEADER = "Hijri-Gregorian Calendar-Bridging-Header.h";
				SWIFT_VERSION = 4.0;
				TARGETED_DEVICE_FAMILY = "1,2";
			};
			name = Release;
		};
/* End XCBuildConfiguration section */

/* Begin XCConfigurationList section */
		771F92A820FC866300421776 /* Build configuration list for PBXProject "Hijri-Gregorian Calendar" */ = {
			isa = XCConfigurationList;
			buildConfigurations = (
				771F92BD20FC866400421776 /* Debug */,
				771F92BE20FC866400421776 /* Release */,
			);
			defaultConfigurationIsVisible = 0;
			defaultConfigurationName = Release;
		};
		771F92BF20FC866400421776 /* Build configuration list for PBXNativeTarget "Hijri-Gregorian Calendar" */ = {
			isa = XCConfigurationList;
			buildConfigurations = (
				771F92C020FC866400421776 /* Debug */,
				771F92C120FC866400421776 /* Release */,
			);
			defaultConfigurationIsVisible = 0;
			defaultConfigurationName = Release;
		};
/* End XCConfigurationList section */
	};
	rootObject = 771F92A520FC866300421776 /* Project object */;
}
